// !$*UTF8*$!
{
	archiveVersion = 1;
	classes = {
	};
	objectVersion = 50;
	objects = {

/* Begin PBXBuildFile section */
		1B08D4D9267E6E4700E2BF19 /* PaletteChooserView.swift in Sources */ = {isa = PBXBuildFile; fileRef = 1B08D4D8267E6E4700E2BF19 /* PaletteChooserView.swift */; };
		1B08D4DB267E737600E2BF19 /* EmojiArtDocumentPalette.swift in Sources */ = {isa = PBXBuildFile; fileRef = 1B08D4DA267E737600E2BF19 /* EmojiArtDocumentPalette.swift */; };
		1B4345D124EB3699007A6BB1 /* EmojiArtApp.swift in Sources */ = {isa = PBXBuildFile; fileRef = 1B4345D024EB3699007A6BB1 /* EmojiArtApp.swift */; };
		1B4345D324EB3699007A6BB1 /* EmojiArtDocumentView.swift in Sources */ = {isa = PBXBuildFile; fileRef = 1B4345D224EB3699007A6BB1 /* EmojiArtDocumentView.swift */; };
		1B4345D524EB369E007A6BB1 /* Assets.xcassets in Resources */ = {isa = PBXBuildFile; fileRef = 1B4345D424EB369E007A6BB1 /* Assets.xcassets */; };
		1B4345D824EB369E007A6BB1 /* Preview Assets.xcassets in Resources */ = {isa = PBXBuildFile; fileRef = 1B4345D724EB369E007A6BB1 /* Preview Assets.xcassets */; };
		1B4345E224EB3712007A6BB1 /* EmojiArtDocument.swift in Sources */ = {isa = PBXBuildFile; fileRef = 1B4345E124EB3712007A6BB1 /* EmojiArtDocument.swift */; };
		1B5CC2B624EB42C200422348 /* EmojiArt.swift in Sources */ = {isa = PBXBuildFile; fileRef = 1B5CC2B524EB42C200422348 /* EmojiArt.swift */; };
		1B5CC2BA24EB484900422348 /* EmojiArt+Extensions.swift in Sources */ = {isa = PBXBuildFile; fileRef = 1B5CC2B924EB484900422348 /* EmojiArt+Extensions.swift */; };
		1B8833D124F716B300CCA6DE /* Key.swift in Sources */ = {isa = PBXBuildFile; fileRef = 1B8833D024F716B200CCA6DE /* Key.swift */; };
		1B8833D324F71D8D00CCA6DE /* OptionalImageView.swift in Sources */ = {isa = PBXBuildFile; fileRef = 1B8833D224F71D8D00CCA6DE /* OptionalImageView.swift */; };
		1B8833D524F721E100CCA6DE /* AnimatableSystemFontModifierView.swift in Sources */ = {isa = PBXBuildFile; fileRef = 1B8833D424F721E100CCA6DE /* AnimatableSystemFontModifierView.swift */; };
		1BEF0A622644E421005AC594 /* SpinningView.swift in Sources */ = {isa = PBXBuildFile; fileRef = 1BEF0A612644E421005AC594 /* SpinningView.swift */; };
/* End PBXBuildFile section */

/* Begin PBXFileReference section */
		1B08D4D8267E6E4700E2BF19 /* PaletteChooserView.swift */ = {isa = PBXFileReference; lastKnownFileType = sourcecode.swift; path = PaletteChooserView.swift; sourceTree = "<group>"; };
		1B08D4DA267E737600E2BF19 /* EmojiArtDocumentPalette.swift */ = {isa = PBXFileReference; fileEncoding = 4; lastKnownFileType = sourcecode.swift; path = EmojiArtDocumentPalette.swift; sourceTree = "<group>"; };
		1B4345CD24EB3699007A6BB1 /* EmojiArt.app */ = {isa = PBXFileReference; explicitFileType = wrapper.application; includeInIndex = 0; path = EmojiArt.app; sourceTree = BUILT_PRODUCTS_DIR; };
		1B4345D024EB3699007A6BB1 /* EmojiArtApp.swift */ = {isa = PBXFileReference; lastKnownFileType = sourcecode.swift; path = EmojiArtApp.swift; sourceTree = "<group>"; };
		1B4345D224EB3699007A6BB1 /* EmojiArtDocumentView.swift */ = {isa = PBXFileReference; lastKnownFileType = sourcecode.swift; path = EmojiArtDocumentView.swift; sourceTree = "<group>"; };
		1B4345D424EB369E007A6BB1 /* Assets.xcassets */ = {isa = PBXFileReference; lastKnownFileType = folder.assetcatalog; path = Assets.xcassets; sourceTree = "<group>"; };
		1B4345D724EB369E007A6BB1 /* Preview Assets.xcassets */ = {isa = PBXFileReference; lastKnownFileType = folder.assetcatalog; path = "Preview Assets.xcassets"; sourceTree = "<group>"; };
		1B4345D924EB369E007A6BB1 /* Info.plist */ = {isa = PBXFileReference; lastKnownFileType = text.plist.xml; path = Info.plist; sourceTree = "<group>"; };
		1B4345E124EB3712007A6BB1 /* EmojiArtDocument.swift */ = {isa = PBXFileReference; lastKnownFileType = sourcecode.swift; path = EmojiArtDocument.swift; sourceTree = "<group>"; };
		1B5CC2B524EB42C200422348 /* EmojiArt.swift */ = {isa = PBXFileReference; lastKnownFileType = sourcecode.swift; path = EmojiArt.swift; sourceTree = "<group>"; };
		1B5CC2B924EB484900422348 /* EmojiArt+Extensions.swift */ = {isa = PBXFileReference; fileEncoding = 4; lastKnownFileType = sourcecode.swift; path = "EmojiArt+Extensions.swift"; sourceTree = "<group>"; };
		1B8833D024F716B200CCA6DE /* Key.swift */ = {isa = PBXFileReference; lastKnownFileType = sourcecode.swift; path = Key.swift; sourceTree = "<group>"; };
		1B8833D224F71D8D00CCA6DE /* OptionalImageView.swift */ = {isa = PBXFileReference; lastKnownFileType = sourcecode.swift; path = OptionalImageView.swift; sourceTree = "<group>"; };
		1B8833D424F721E100CCA6DE /* AnimatableSystemFontModifierView.swift */ = {isa = PBXFileReference; fileEncoding = 4; lastKnownFileType = sourcecode.swift; path = AnimatableSystemFontModifierView.swift; sourceTree = "<group>"; };
		1BEF0A612644E421005AC594 /* SpinningView.swift */ = {isa = PBXFileReference; lastKnownFileType = sourcecode.swift; path = SpinningView.swift; sourceTree = "<group>"; };
/* End PBXFileReference section */

/* Begin PBXFrameworksBuildPhase section */
		1B4345CA24EB3699007A6BB1 /* Frameworks */ = {
			isa = PBXFrameworksBuildPhase;
			buildActionMask = 2147483647;
			files = (
			);
			runOnlyForDeploymentPostprocessing = 0;
		};
/* End PBXFrameworksBuildPhase section */

/* Begin PBXGroup section */
		1B4345C424EB3699007A6BB1 = {
			isa = PBXGroup;
			children = (
				1B4345CF24EB3699007A6BB1 /* EmojiArt */,
				1B4345CE24EB3699007A6BB1 /* Products */,
			);
			sourceTree = "<group>";
		};
		1B4345CE24EB3699007A6BB1 /* Products */ = {
			isa = PBXGroup;
			children = (
				1B4345CD24EB3699007A6BB1 /* EmojiArt.app */,
			);
			name = Products;
			sourceTree = "<group>";
		};
		1B4345CF24EB3699007A6BB1 /* EmojiArt */ = {
			isa = PBXGroup;
			children = (
				1B4345D024EB3699007A6BB1 /* EmojiArtApp.swift */,
				1B4345D424EB369E007A6BB1 /* Assets.xcassets */,
				1B4345D924EB369E007A6BB1 /* Info.plist */,
				1B5CC2B724EB482C00422348 /* Common */,
				1B5CC2B424EB42B000422348 /* Model */,
				1B4345DF24EB36C2007A6BB1 /* View */,
				1B4345E024EB36E9007A6BB1 /* ViewModel */,
				1B4345D624EB369E007A6BB1 /* Preview Content */,
			);
			path = EmojiArt;
			sourceTree = "<group>";
		};
		1B4345D624EB369E007A6BB1 /* Preview Content */ = {
			isa = PBXGroup;
			children = (
				1B4345D724EB369E007A6BB1 /* Preview Assets.xcassets */,
			);
			path = "Preview Content";
			sourceTree = "<group>";
		};
		1B4345DF24EB36C2007A6BB1 /* View */ = {
			isa = PBXGroup;
			children = (
				1B4345D224EB3699007A6BB1 /* EmojiArtDocumentView.swift */,
				1B8833D224F71D8D00CCA6DE /* OptionalImageView.swift */,
				1B8833D424F721E100CCA6DE /* AnimatableSystemFontModifierView.swift */,
				1BEF0A612644E421005AC594 /* SpinningView.swift */,
				1B08D4D8267E6E4700E2BF19 /* PaletteChooserView.swift */,
			);
			path = View;
			sourceTree = "<group>";
		};
		1B4345E024EB36E9007A6BB1 /* ViewModel */ = {
			isa = PBXGroup;
			children = (
				1B4345E124EB3712007A6BB1 /* EmojiArtDocument.swift */,
			);
			path = ViewModel;
			sourceTree = "<group>";
		};
		1B5CC2B424EB42B000422348 /* Model */ = {
			isa = PBXGroup;
			children = (
				1B5CC2B524EB42C200422348 /* EmojiArt.swift */,
			);
			path = Model;
			sourceTree = "<group>";
		};
		1B5CC2B724EB482C00422348 /* Common */ = {
			isa = PBXGroup;
			children = (
				1B8833D024F716B200CCA6DE /* Key.swift */,
				1B5CC2B824EB483A00422348 /* Extensions */,
			);
			path = Common;
			sourceTree = "<group>";
		};
		1B5CC2B824EB483A00422348 /* Extensions */ = {
			isa = PBXGroup;
			children = (
				1B5CC2B924EB484900422348 /* EmojiArt+Extensions.swift */,
				1B08D4DA267E737600E2BF19 /* EmojiArtDocumentPalette.swift */,
			);
			path = Extensions;
			sourceTree = "<group>";
		};
/* End PBXGroup section */

/* Begin PBXNativeTarget section */
		1B4345CC24EB3699007A6BB1 /* EmojiArt */ = {
			isa = PBXNativeTarget;
			buildConfigurationList = 1B4345DC24EB369E007A6BB1 /* Build configuration list for PBXNativeTarget "EmojiArt" */;
			buildPhases = (
				1B4345C924EB3699007A6BB1 /* Sources */,
				1B4345CA24EB3699007A6BB1 /* Frameworks */,
				1B4345CB24EB3699007A6BB1 /* Resources */,
			);
			buildRules = (
			);
			dependencies = (
			);
			name = EmojiArt;
			productName = EmojiArt;
			productReference = 1B4345CD24EB3699007A6BB1 /* EmojiArt.app */;
			productType = "com.apple.product-type.application";
		};
/* End PBXNativeTarget section */

/* Begin PBXProject section */
		1B4345C524EB3699007A6BB1 /* Project object */ = {
			isa = PBXProject;
			attributes = {
				LastSwiftUpdateCheck = 1200;
				LastUpgradeCheck = 1200;
				TargetAttributes = {
					1B4345CC24EB3699007A6BB1 = {
						CreatedOnToolsVersion = 12.0;
					};
				};
			};
			buildConfigurationList = 1B4345C824EB3699007A6BB1 /* Build configuration list for PBXProject "EmojiArt" */;
			compatibilityVersion = "Xcode 9.3";
			developmentRegion = en;
			hasScannedForEncodings = 0;
			knownRegions = (
				en,
				Base,
			);
			mainGroup = 1B4345C424EB3699007A6BB1;
			productRefGroup = 1B4345CE24EB3699007A6BB1 /* Products */;
			projectDirPath = "";
			projectRoot = "";
			targets = (
				1B4345CC24EB3699007A6BB1 /* EmojiArt */,
			);
		};
/* End PBXProject section */

/* Begin PBXResourcesBuildPhase section */
		1B4345CB24EB3699007A6BB1 /* Resources */ = {
			isa = PBXResourcesBuildPhase;
			buildActionMask = 2147483647;
			files = (
				1B4345D824EB369E007A6BB1 /* Preview Assets.xcassets in Resources */,
				1B4345D524EB369E007A6BB1 /* Assets.xcassets in Resources */,
			);
			runOnlyForDeploymentPostprocessing = 0;
		};
/* End PBXResourcesBuildPhase section */

/* Begin PBXSourcesBuildPhase section */
		1B4345C924EB3699007A6BB1 /* Sources */ = {
			isa = PBXSourcesBuildPhase;
			buildActionMask = 2147483647;
			files = (
				1B08D4DB267E737600E2BF19 /* EmojiArtDocumentPalette.swift in Sources */,
				1B5CC2B624EB42C200422348 /* EmojiArt.swift in Sources */,
				1B5CC2BA24EB484900422348 /* EmojiArt+Extensions.swift in Sources */,
				1B08D4D9267E6E4700E2BF19 /* PaletteChooserView.swift in Sources */,
				1B4345D324EB3699007A6BB1 /* EmojiArtDocumentView.swift in Sources */,
				1B4345E224EB3712007A6BB1 /* EmojiArtDocument.swift in Sources */,
				1B4345D124EB3699007A6BB1 /* EmojiArtApp.swift in Sources */,
				1B8833D324F71D8D00CCA6DE /* OptionalImageView.swift in Sources */,
				1BEF0A622644E421005AC594 /* SpinningView.swift in Sources */,
				1B8833D524F721E100CCA6DE /* AnimatableSystemFontModifierView.swift in Sources */,
				1B8833D124F716B300CCA6DE /* Key.swift in Sources */,
			);
			runOnlyForDeploymentPostprocessing = 0;
		};
/* End PBXSourcesBuildPhase section */

/* Begin XCBuildConfiguration section */
		1B4345DA24EB369E007A6BB1 /* Debug */ = {
			isa = XCBuildConfiguration;
			buildSettings = {
				ALWAYS_SEARCH_USER_PATHS = NO;
				CLANG_ANALYZER_NONNULL = YES;
				CLANG_ANALYZER_NUMBER_OBJECT_CONVERSION = YES_AGGRESSIVE;
				CLANG_CXX_LANGUAGE_STANDARD = "gnu++14";
				CLANG_CXX_LIBRARY = "libc++";
				CLANG_ENABLE_MODULES = YES;
				CLANG_ENABLE_OBJC_ARC = YES;
				CLANG_ENABLE_OBJC_WEAK = YES;
				CLANG_WARN_BLOCK_CAPTURE_AUTORELEASING = YES;
				CLANG_WARN_BOOL_CONVERSION = YES;
				CLANG_WARN_COMMA = YES;
				CLANG_WARN_CONSTANT_CONVERSION = YES;
				CLANG_WARN_DEPRECATED_OBJC_IMPLEMENTATIONS = YES;
				CLANG_WARN_DIRECT_OBJC_ISA_USAGE = YES_ERROR;
				CLANG_WARN_DOCUMENTATION_COMMENTS = YES;
				CLANG_WARN_EMPTY_BODY = YES;
				CLANG_WARN_ENUM_CONVERSION = YES;
				CLANG_WARN_INFINITE_RECURSION = YES;
				CLANG_WARN_INT_CONVERSION = YES;
				CLANG_WARN_NON_LITERAL_NULL_CONVERSION = YES;
				CLANG_WARN_OBJC_IMPLICIT_RETAIN_SELF = YES;
				CLANG_WARN_OBJC_LITERAL_CONVERSION = YES;
				CLANG_WARN_OBJC_ROOT_CLASS = YES_ERROR;
				CLANG_WARN_QUOTED_INCLUDE_IN_FRAMEWORK_HEADER = YES;
				CLANG_WARN_RANGE_LOOP_ANALYSIS = YES;
				CLANG_WARN_STRICT_PROTOTYPES = YES;
				CLANG_WARN_SUSPICIOUS_MOVE = YES;
				CLANG_WARN_UNGUARDED_AVAILABILITY = YES_AGGRESSIVE;
				CLANG_WARN_UNREACHABLE_CODE = YES;
				CLANG_WARN__DUPLICATE_METHOD_MATCH = YES;
				COPY_PHASE_STRIP = NO;
				DEBUG_INFORMATION_FORMAT = dwarf;
				ENABLE_STRICT_OBJC_MSGSEND = YES;
				ENABLE_TESTABILITY = YES;
				GCC_C_LANGUAGE_STANDARD = gnu11;
				GCC_DYNAMIC_NO_PIC = NO;
				GCC_NO_COMMON_BLOCKS = YES;
				GCC_OPTIMIZATION_LEVEL = 0;
				GCC_PREPROCESSOR_DEFINITIONS = (
					"DEBUG=1",
					"$(inherited)",
				);
				GCC_WARN_64_TO_32_BIT_CONVERSION = YES;
				GCC_WARN_ABOUT_RETURN_TYPE = YES_ERROR;
				GCC_WARN_UNDECLARED_SELECTOR = YES;
				GCC_WARN_UNINITIALIZED_AUTOS = YES_AGGRESSIVE;
				GCC_WARN_UNUSED_FUNCTION = YES;
				GCC_WARN_UNUSED_VARIABLE = YES;
				IPHONEOS_DEPLOYMENT_TARGET = 14.0;
				MTL_ENABLE_DEBUG_INFO = INCLUDE_SOURCE;
				MTL_FAST_MATH = YES;
				ONLY_ACTIVE_ARCH = YES;
				SDKROOT = iphoneos;
				SWIFT_ACTIVE_COMPILATION_CONDITIONS = DEBUG;
				SWIFT_OPTIMIZATION_LEVEL = "-Onone";
			};
			name = Debug;
		};
		1B4345DB24EB369E007A6BB1 /* Release */ = {
			isa = XCBuildConfiguration;
			buildSettings = {
				ALWAYS_SEARCH_USER_PATHS = NO;
				CLANG_ANALYZER_NONNULL = YES;
				CLANG_ANALYZER_NUMBER_OBJECT_CONVERSION = YES_AGGRESSIVE;
				CLANG_CXX_LANGUAGE_STANDARD = "gnu++14";
				CLANG_CXX_LIBRARY = "libc++";
				CLANG_ENABLE_MODULES = YES;
				CLANG_ENABLE_OBJC_ARC = YES;
				CLANG_ENABLE_OBJC_WEAK = YES;
				CLANG_WARN_BLOCK_CAPTURE_AUTORELEASING = YES;
				CLANG_WARN_BOOL_CONVERSION = YES;
				CLANG_WARN_COMMA = YES;
				CLANG_WARN_CONSTANT_CONVERSION = YES;
				CLANG_WARN_DEPRECATED_OBJC_IMPLEMENTATIONS = YES;
				CLANG_WARN_DIRECT_OBJC_ISA_USAGE = YES_ERROR;
				CLANG_WARN_DOCUMENTATION_COMMENTS = YES;
				CLANG_WARN_EMPTY_BODY = YES;
				CLANG_WARN_ENUM_CONVERSION = YES;
				CLANG_WARN_INFINITE_RECURSION = YES;
				CLANG_WARN_INT_CONVERSION = YES;
				CLANG_WARN_NON_LITERAL_NULL_CONVERSION = YES;
				CLANG_WARN_OBJC_IMPLICIT_RETAIN_SELF = YES;
				CLANG_WARN_OBJC_LITERAL_CONVERSION = YES;
				CLANG_WARN_OBJC_ROOT_CLASS = YES_ERROR;
				CLANG_WARN_QUOTED_INCLUDE_IN_FRAMEWORK_HEADER = YES;
				CLANG_WARN_RANGE_LOOP_ANALYSIS = YES;
				CLANG_WARN_STRICT_PROTOTYPES = YES;
				CLANG_WARN_SUSPICIOUS_MOVE = YES;
				CLANG_WARN_UNGUARDED_AVAILABILITY = YES_AGGRESSIVE;
				CLANG_WARN_UNREACHABLE_CODE = YES;
				CLANG_WARN__DUPLICATE_METHOD_MATCH = YES;
				COPY_PHASE_STRIP = NO;
				DEBUG_INFORMATION_FORMAT = "dwarf-with-dsym";
				ENABLE_NS_ASSERTIONS = NO;
				ENABLE_STRICT_OBJC_MSGSEND = YES;
				GCC_C_LANGUAGE_STANDARD = gnu11;
				GCC_NO_COMMON_BLOCKS = YES;
				GCC_WARN_64_TO_32_BIT_CONVERSION = YES;
				GCC_WARN_ABOUT_RETURN_TYPE = YES_ERROR;
				GCC_WARN_UNDECLARED_SELECTOR = YES;
				GCC_WARN_UNINITIALIZED_AUTOS = YES_AGGRESSIVE;
				GCC_WARN_UNUSED_FUNCTION = YES;
				GCC_WARN_UNUSED_VARIABLE = YES;
				IPHONEOS_DEPLOYMENT_TARGET = 14.0;
				MTL_ENABLE_DEBUG_INFO = NO;
				MTL_FAST_MATH = YES;
				SDKROOT = iphoneos;
				SWIFT_COMPILATION_MODE = wholemodule;
				SWIFT_OPTIMIZATION_LEVEL = "-O";
				VALIDATE_PRODUCT = YES;
			};
			name = Release;
		};
		1B4345DD24EB369E007A6BB1 /* Debug */ = {
			isa = XCBuildConfiguration;
			buildSettings = {
				ASSETCATALOG_COMPILER_APPICON_NAME = AppIcon;
				ASSETCATALOG_COMPILER_GLOBAL_ACCENT_COLOR_NAME = AccentColor;
				CODE_SIGN_STYLE = Automatic;
				DEVELOPMENT_ASSET_PATHS = "\"EmojiArt/Preview Content\"";
				DEVELOPMENT_TEAM = F8US5Q875U;
				ENABLE_PREVIEWS = YES;
				INFOPLIST_FILE = EmojiArt/Info.plist;
				IPHONEOS_DEPLOYMENT_TARGET = 14.0;
				LD_RUNPATH_SEARCH_PATHS = (
					"$(inherited)",
					"@executable_path/Frameworks",
				);
				PRODUCT_BUNDLE_IDENTIFIER = edu.stanford.cs193p.thejohnlima.EmojiArt;
				PRODUCT_NAME = "$(TARGET_NAME)";
				SWIFT_VERSION = 5.0;
				TARGETED_DEVICE_FAMILY = "1,2";
			};
			name = Debug;
		};
		1B4345DE24EB369E007A6BB1 /* Release */ = {
			isa = XCBuildConfiguration;
			buildSettings = {
				ASSETCATALOG_COMPILER_APPICON_NAME = AppIcon;
				ASSETCATALOG_COMPILER_GLOBAL_ACCENT_COLOR_NAME = AccentColor;
				CODE_SIGN_STYLE = Automatic;
				DEVELOPMENT_ASSET_PATHS = "\"EmojiArt/Preview Content\"";
				DEVELOPMENT_TEAM = F8US5Q875U;
				ENABLE_PREVIEWS = YES;
				INFOPLIST_FILE = EmojiArt/Info.plist;
				IPHONEOS_DEPLOYMENT_TARGET = 14.0;
				LD_RUNPATH_SEARCH_PATHS = (
					"$(inherited)",
					"@executable_path/Frameworks",
				);
				PRODUCT_BUNDLE_IDENTIFIER = edu.stanford.cs193p.thejohnlima.EmojiArt;
				PRODUCT_NAME = "$(TARGET_NAME)";
				SWIFT_VERSION = 5.0;
				TARGETED_DEVICE_FAMILY = "1,2";
			};
			name = Release;
		};
/* End XCBuildConfiguration section */

/* Begin XCConfigurationList section */
		1B4345C824EB3699007A6BB1 /* Build configuration list for PBXProject "EmojiArt" */ = {
			isa = XCConfigurationList;
			buildConfigurations = (
				1B4345DA24EB369E007A6BB1 /* Debug */,
				1B4345DB24EB369E007A6BB1 /* Release */,
			);
			defaultConfigurationIsVisible = 0;
			defaultConfigurationName = Release;
		};
		1B4345DC24EB369E007A6BB1 /* Build configuration list for PBXNativeTarget "EmojiArt" */ = {
			isa = XCConfigurationList;
			buildConfigurations = (
				1B4345DD24EB369E007A6BB1 /* Debug */,
				1B4345DE24EB369E007A6BB1 /* Release */,
			);
			defaultConfigurationIsVisible = 0;
			defaultConfigurationName = Release;
		};
/* End XCConfigurationList section */
	};
	rootObject = 1B4345C524EB3699007A6BB1 /* Project object */;
}
