// !$*UTF8*$!
{
	archiveVersion = 1;
	classes = {
	};
	objectVersion = 54;
	objects = {

/* Begin PBXBuildFile section */
		1B01DE5D24CE725600CE7519 /* MemorizeApp.swift in Sources */ = {isa = PBXBuildFile; fileRef = 1B01DE5C24CE725600CE7519 /* MemorizeApp.swift */; };
		1B01DE5F24CE725600CE7519 /* EmojiMemoryGameView.swift in Sources */ = {isa = PBXBuildFile; fileRef = 1B01DE5E24CE725600CE7519 /* EmojiMemoryGameView.swift */; };
		1B01DE6124CE725B00CE7519 /* Assets.xcassets in Resources */ = {isa = PBXBuildFile; fileRef = 1B01DE6024CE725B00CE7519 /* Assets.xcassets */; };
		1B01DE6424CE725B00CE7519 /* Preview Assets.xcassets in Resources */ = {isa = PBXBuildFile; fileRef = 1B01DE6324CE725B00CE7519 /* Preview Assets.xcassets */; };
		1B409BBB24D5ED1F008FEDFC /* Array+Extensions.swift in Sources */ = {isa = PBXBuildFile; fileRef = 1B409BBA24D5ED1F008FEDFC /* Array+Extensions.swift */; };
		1B7EA17924D5B79F00CC1C5E /* GridLayout.swift in Sources */ = {isa = PBXBuildFile; fileRef = 1B7EA17824D5B79F00CC1C5E /* GridLayout.swift */; };
		1B832CFB24DA64130088A1B2 /* PieView.swift in Sources */ = {isa = PBXBuildFile; fileRef = 1B832CFA24DA64130088A1B2 /* PieView.swift */; };
		1BADDA4224CFE32B005B1643 /* MemoryGame.swift in Sources */ = {isa = PBXBuildFile; fileRef = 1BADDA4124CFE32B005B1643 /* MemoryGame.swift */; };
		1BADDA4424CFE517005B1643 /* EmojiMemoryGame.swift in Sources */ = {isa = PBXBuildFile; fileRef = 1BADDA4324CFE517005B1643 /* EmojiMemoryGame.swift */; };
		1BCB953D24DA6FEB00A9B974 /* CardifyView.swift in Sources */ = {isa = PBXBuildFile; fileRef = 1BCB953C24DA6FEB00A9B974 /* CardifyView.swift */; };
		1BD9C75624D27F8D00EF65DE /* GridView.swift in Sources */ = {isa = PBXBuildFile; fileRef = 1BD9C75524D27F8D00EF65DE /* GridView.swift */; };
		1BF0B70824D119F7006D6BD4 /* CardView.swift in Sources */ = {isa = PBXBuildFile; fileRef = 1BF0B70724D119F7006D6BD4 /* CardView.swift */; };
/* End PBXBuildFile section */

/* Begin PBXFileReference section */
		1B01DE5924CE725600CE7519 /* Memorize.app */ = {isa = PBXFileReference; explicitFileType = wrapper.application; includeInIndex = 0; path = Memorize.app; sourceTree = BUILT_PRODUCTS_DIR; };
		1B01DE5C24CE725600CE7519 /* MemorizeApp.swift */ = {isa = PBXFileReference; lastKnownFileType = sourcecode.swift; path = MemorizeApp.swift; sourceTree = "<group>"; };
		1B01DE5E24CE725600CE7519 /* EmojiMemoryGameView.swift */ = {isa = PBXFileReference; lastKnownFileType = sourcecode.swift; path = EmojiMemoryGameView.swift; sourceTree = "<group>"; };
		1B01DE6024CE725B00CE7519 /* Assets.xcassets */ = {isa = PBXFileReference; lastKnownFileType = folder.assetcatalog; path = Assets.xcassets; sourceTree = "<group>"; };
		1B01DE6324CE725B00CE7519 /* Preview Assets.xcassets */ = {isa = PBXFileReference; lastKnownFileType = folder.assetcatalog; path = "Preview Assets.xcassets"; sourceTree = "<group>"; };
		1B01DE6524CE725B00CE7519 /* Info.plist */ = {isa = PBXFileReference; lastKnownFileType = text.plist.xml; path = Info.plist; sourceTree = "<group>"; };
		1B409BBA24D5ED1F008FEDFC /* Array+Extensions.swift */ = {isa = PBXFileReference; lastKnownFileType = sourcecode.swift; path = "Array+Extensions.swift"; sourceTree = "<group>"; };
		1B7EA17824D5B79F00CC1C5E /* GridLayout.swift */ = {isa = PBXFileReference; fileEncoding = 4; lastKnownFileType = sourcecode.swift; path = GridLayout.swift; sourceTree = "<group>"; };
		1B832CFA24DA64130088A1B2 /* PieView.swift */ = {isa = PBXFileReference; lastKnownFileType = sourcecode.swift; path = PieView.swift; sourceTree = "<group>"; };
		1BADDA4124CFE32B005B1643 /* MemoryGame.swift */ = {isa = PBXFileReference; lastKnownFileType = sourcecode.swift; path = MemoryGame.swift; sourceTree = "<group>"; };
		1BADDA4324CFE517005B1643 /* EmojiMemoryGame.swift */ = {isa = PBXFileReference; lastKnownFileType = sourcecode.swift; path = EmojiMemoryGame.swift; sourceTree = "<group>"; };
		1BCB953C24DA6FEB00A9B974 /* CardifyView.swift */ = {isa = PBXFileReference; lastKnownFileType = sourcecode.swift; path = CardifyView.swift; sourceTree = "<group>"; };
		1BD9C75524D27F8D00EF65DE /* GridView.swift */ = {isa = PBXFileReference; lastKnownFileType = sourcecode.swift; path = GridView.swift; sourceTree = "<group>"; };
		1BF0B70724D119F7006D6BD4 /* CardView.swift */ = {isa = PBXFileReference; lastKnownFileType = sourcecode.swift; path = CardView.swift; sourceTree = "<group>"; };
/* End PBXFileReference section */

/* Begin PBXFrameworksBuildPhase section */
		1B01DE5624CE725600CE7519 /* Frameworks */ = {
			isa = PBXFrameworksBuildPhase;
			buildActionMask = 2147483647;
			files = (
			);
			runOnlyForDeploymentPostprocessing = 0;
		};
/* End PBXFrameworksBuildPhase section */

/* Begin PBXGroup section */
		1B01DE5024CE725600CE7519 = {
			isa = PBXGroup;
			children = (
				1B01DE5B24CE725600CE7519 /* Memorize */,
				1B01DE5A24CE725600CE7519 /* Products */,
			);
			sourceTree = "<group>";
		};
		1B01DE5A24CE725600CE7519 /* Products */ = {
			isa = PBXGroup;
			children = (
				1B01DE5924CE725600CE7519 /* Memorize.app */,
			);
			name = Products;
			sourceTree = "<group>";
		};
		1B01DE5B24CE725600CE7519 /* Memorize */ = {
			isa = PBXGroup;
			children = (
				1B01DE5C24CE725600CE7519 /* MemorizeApp.swift */,
				1B01DE6524CE725B00CE7519 /* Info.plist */,
				1B01DE6024CE725B00CE7519 /* Assets.xcassets */,
				1BF0B70424D1130E006D6BD4 /* Model */,
				1BF0B70624D11321006D6BD4 /* View */,
				1BF0B70524D11317006D6BD4 /* ViewModel */,
				1B409BB924D5ECFF008FEDFC /* Extensions */,
				1B01DE6224CE725B00CE7519 /* Preview Content */,
			);
			path = Memorize;
			sourceTree = "<group>";
		};
		1B01DE6224CE725B00CE7519 /* Preview Content */ = {
			isa = PBXGroup;
			children = (
				1B01DE6324CE725B00CE7519 /* Preview Assets.xcassets */,
			);
			path = "Preview Content";
			sourceTree = "<group>";
		};
		1B409BB924D5ECFF008FEDFC /* Extensions */ = {
			isa = PBXGroup;
			children = (
				1B409BBA24D5ED1F008FEDFC /* Array+Extensions.swift */,
			);
			path = Extensions;
			sourceTree = "<group>";
		};
		1BF0B70424D1130E006D6BD4 /* Model */ = {
			isa = PBXGroup;
			children = (
				1BADDA4124CFE32B005B1643 /* MemoryGame.swift */,
			);
			path = Model;
			sourceTree = "<group>";
		};
		1BF0B70524D11317006D6BD4 /* ViewModel */ = {
			isa = PBXGroup;
			children = (
				1BADDA4324CFE517005B1643 /* EmojiMemoryGame.swift */,
			);
			path = ViewModel;
			sourceTree = "<group>";
		};
		1BF0B70624D11321006D6BD4 /* View */ = {
			isa = PBXGroup;
			children = (
				1B01DE5E24CE725600CE7519 /* EmojiMemoryGameView.swift */,
				1BF0B70724D119F7006D6BD4 /* CardView.swift */,
				1BCB953C24DA6FEB00A9B974 /* CardifyView.swift */,
				1B832CFA24DA64130088A1B2 /* PieView.swift */,
				1BD9C75524D27F8D00EF65DE /* GridView.swift */,
				1B7EA17824D5B79F00CC1C5E /* GridLayout.swift */,
			);
			path = View;
			sourceTree = "<group>";
		};
/* End PBXGroup section */

/* Begin PBXNativeTarget section */
		1B01DE5824CE725600CE7519 /* Memorize */ = {
			isa = PBXNativeTarget;
			buildConfigurationList = 1B01DE6824CE725B00CE7519 /* Build configuration list for PBXNativeTarget "Memorize" */;
			buildPhases = (
				1B01DE5524CE725600CE7519 /* Sources */,
				1B01DE5624CE725600CE7519 /* Frameworks */,
				1B01DE5724CE725600CE7519 /* Resources */,
			);
			buildRules = (
			);
			dependencies = (
			);
			name = Memorize;
			productName = Memorize;
			productReference = 1B01DE5924CE725600CE7519 /* Memorize.app */;
			productType = "com.apple.product-type.application";
		};
/* End PBXNativeTarget section */

/* Begin PBXProject section */
		1B01DE5124CE725600CE7519 /* Project object */ = {
			isa = PBXProject;
			attributes = {
				LastSwiftUpdateCheck = 1200;
				LastUpgradeCheck = 1200;
				TargetAttributes = {
					1B01DE5824CE725600CE7519 = {
						CreatedOnToolsVersion = 12.0;
					};
				};
			};
			buildConfigurationList = 1B01DE5424CE725600CE7519 /* Build configuration list for PBXProject "Memorize" */;
			compatibilityVersion = "Xcode 12.0";
			developmentRegion = en;
			hasScannedForEncodings = 0;
			knownRegions = (
				en,
				Base,
			);
			mainGroup = 1B01DE5024CE725600CE7519;
			productRefGroup = 1B01DE5A24CE725600CE7519 /* Products */;
			projectDirPath = "";
			projectRoot = "";
			targets = (
				1B01DE5824CE725600CE7519 /* Memorize */,
			);
		};
/* End PBXProject section */

/* Begin PBXResourcesBuildPhase section */
		1B01DE5724CE725600CE7519 /* Resources */ = {
			isa = PBXResourcesBuildPhase;
			buildActionMask = 2147483647;
			files = (
				1B01DE6424CE725B00CE7519 /* Preview Assets.xcassets in Resources */,
				1B01DE6124CE725B00CE7519 /* Assets.xcassets in Resources */,
			);
			runOnlyForDeploymentPostprocessing = 0;
		};
/* End PBXResourcesBuildPhase section */

/* Begin PBXSourcesBuildPhase section */
		1B01DE5524CE725600CE7519 /* Sources */ = {
			isa = PBXSourcesBuildPhase;
			buildActionMask = 2147483647;
			files = (
				1BADDA4224CFE32B005B1643 /* MemoryGame.swift in Sources */,
				1B01DE5F24CE725600CE7519 /* EmojiMemoryGameView.swift in Sources */,
				1B01DE5D24CE725600CE7519 /* MemorizeApp.swift in Sources */,
				1B409BBB24D5ED1F008FEDFC /* Array+Extensions.swift in Sources */,
				1BADDA4424CFE517005B1643 /* EmojiMemoryGame.swift in Sources */,
				1BCB953D24DA6FEB00A9B974 /* CardifyView.swift in Sources */,
				1B832CFB24DA64130088A1B2 /* PieView.swift in Sources */,
				1BD9C75624D27F8D00EF65DE /* GridView.swift in Sources */,
				1B7EA17924D5B79F00CC1C5E /* GridLayout.swift in Sources */,
				1BF0B70824D119F7006D6BD4 /* CardView.swift in Sources */,
			);
			runOnlyForDeploymentPostprocessing = 0;
		};
/* End PBXSourcesBuildPhase section */

/* Begin XCBuildConfiguration section */
		1B01DE6624CE725B00CE7519 /* Debug */ = {
			isa = XCBuildConfiguration;
			buildSettings = {
				ALWAYS_SEARCH_USER_PATHS = NO;
				CLANG_ANALYZER_NONNULL = YES;
				CLANG_ANALYZER_NUMBER_OBJECT_CONVERSION = YES_AGGRESSIVE;
				CLANG_CXX_LANGUAGE_STANDARD = "gnu++14";
				CLANG_CXX_LIBRARY = "libc++";
				CLANG_ENABLE_MODULES = YES;
				CLANG_ENABLE_OBJC_ARC = YES;
				CLANG_ENABLE_OBJC_WEAK = YES;
				CLANG_WARN_BLOCK_CAPTURE_AUTORELEASING = YES;
				CLANG_WARN_BOOL_CONVERSION = YES;
				CLANG_WARN_COMMA = YES;
				CLANG_WARN_CONSTANT_CONVERSION = YES;
				CLANG_WARN_DEPRECATED_OBJC_IMPLEMENTATIONS = YES;
				CLANG_WARN_DIRECT_OBJC_ISA_USAGE = YES_ERROR;
				CLANG_WARN_DOCUMENTATION_COMMENTS = YES;
				CLANG_WARN_EMPTY_BODY = YES;
				CLANG_WARN_ENUM_CONVERSION = YES;
				CLANG_WARN_INFINITE_RECURSION = YES;
				CLANG_WARN_INT_CONVERSION = YES;
				CLANG_WARN_NON_LITERAL_NULL_CONVERSION = YES;
				CLANG_WARN_OBJC_IMPLICIT_RETAIN_SELF = YES;
				CLANG_WARN_OBJC_LITERAL_CONVERSION = YES;
				CLANG_WARN_OBJC_ROOT_CLASS = YES_ERROR;
				CLANG_WARN_QUOTED_INCLUDE_IN_FRAMEWORK_HEADER = YES;
				CLANG_WARN_RANGE_LOOP_ANALYSIS = YES;
				CLANG_WARN_STRICT_PROTOTYPES = YES;
				CLANG_WARN_SUSPICIOUS_MOVE = YES;
				CLANG_WARN_UNGUARDED_AVAILABILITY = YES_AGGRESSIVE;
				CLANG_WARN_UNREACHABLE_CODE = YES;
				CLANG_WARN__DUPLICATE_METHOD_MATCH = YES;
				COPY_PHASE_STRIP = NO;
				DEBUG_INFORMATION_FORMAT = dwarf;
				ENABLE_STRICT_OBJC_MSGSEND = YES;
				ENABLE_TESTABILITY = YES;
				GCC_C_LANGUAGE_STANDARD = gnu11;
				GCC_DYNAMIC_NO_PIC = NO;
				GCC_NO_COMMON_BLOCKS = YES;
				GCC_OPTIMIZATION_LEVEL = 0;
				GCC_PREPROCESSOR_DEFINITIONS = (
					"DEBUG=1",
					"$(inherited)",
				);
				GCC_WARN_64_TO_32_BIT_CONVERSION = YES;
				GCC_WARN_ABOUT_RETURN_TYPE = YES_ERROR;
				GCC_WARN_UNDECLARED_SELECTOR = YES;
				GCC_WARN_UNINITIALIZED_AUTOS = YES_AGGRESSIVE;
				GCC_WARN_UNUSED_FUNCTION = YES;
				GCC_WARN_UNUSED_VARIABLE = YES;
				IPHONEOS_DEPLOYMENT_TARGET = 14.0;
				MTL_ENABLE_DEBUG_INFO = INCLUDE_SOURCE;
				MTL_FAST_MATH = YES;
				ONLY_ACTIVE_ARCH = YES;
				SDKROOT = iphoneos;
				SWIFT_ACTIVE_COMPILATION_CONDITIONS = DEBUG;
				SWIFT_OPTIMIZATION_LEVEL = "-Onone";
			};
			name = Debug;
		};
		1B01DE6724CE725B00CE7519 /* Release */ = {
			isa = XCBuildConfiguration;
			buildSettings = {
				ALWAYS_SEARCH_USER_PATHS = NO;
				CLANG_ANALYZER_NONNULL = YES;
				CLANG_ANALYZER_NUMBER_OBJECT_CONVERSION = YES_AGGRESSIVE;
				CLANG_CXX_LANGUAGE_STANDARD = "gnu++14";
				CLANG_CXX_LIBRARY = "libc++";
				CLANG_ENABLE_MODULES = YES;
				CLANG_ENABLE_OBJC_ARC = YES;
				CLANG_ENABLE_OBJC_WEAK = YES;
				CLANG_WARN_BLOCK_CAPTURE_AUTORELEASING = YES;
				CLANG_WARN_BOOL_CONVERSION = YES;
				CLANG_WARN_COMMA = YES;
				CLANG_WARN_CONSTANT_CONVERSION = YES;
				CLANG_WARN_DEPRECATED_OBJC_IMPLEMENTATIONS = YES;
				CLANG_WARN_DIRECT_OBJC_ISA_USAGE = YES_ERROR;
				CLANG_WARN_DOCUMENTATION_COMMENTS = YES;
				CLANG_WARN_EMPTY_BODY = YES;
				CLANG_WARN_ENUM_CONVERSION = YES;
				CLANG_WARN_INFINITE_RECURSION = YES;
				CLANG_WARN_INT_CONVERSION = YES;
				CLANG_WARN_NON_LITERAL_NULL_CONVERSION = YES;
				CLANG_WARN_OBJC_IMPLICIT_RETAIN_SELF = YES;
				CLANG_WARN_OBJC_LITERAL_CONVERSION = YES;
				CLANG_WARN_OBJC_ROOT_CLASS = YES_ERROR;
				CLANG_WARN_QUOTED_INCLUDE_IN_FRAMEWORK_HEADER = YES;
				CLANG_WARN_RANGE_LOOP_ANALYSIS = YES;
				CLANG_WARN_STRICT_PROTOTYPES = YES;
				CLANG_WARN_SUSPICIOUS_MOVE = YES;
				CLANG_WARN_UNGUARDED_AVAILABILITY = YES_AGGRESSIVE;
				CLANG_WARN_UNREACHABLE_CODE = YES;
				CLANG_WARN__DUPLICATE_METHOD_MATCH = YES;
				COPY_PHASE_STRIP = NO;
				DEBUG_INFORMATION_FORMAT = "dwarf-with-dsym";
				ENABLE_NS_ASSERTIONS = NO;
				ENABLE_STRICT_OBJC_MSGSEND = YES;
				GCC_C_LANGUAGE_STANDARD = gnu11;
				GCC_NO_COMMON_BLOCKS = YES;
				GCC_WARN_64_TO_32_BIT_CONVERSION = YES;
				GCC_WARN_ABOUT_RETURN_TYPE = YES_ERROR;
				GCC_WARN_UNDECLARED_SELECTOR = YES;
				GCC_WARN_UNINITIALIZED_AUTOS = YES_AGGRESSIVE;
				GCC_WARN_UNUSED_FUNCTION = YES;
				GCC_WARN_UNUSED_VARIABLE = YES;
				IPHONEOS_DEPLOYMENT_TARGET = 14.0;
				MTL_ENABLE_DEBUG_INFO = NO;
				MTL_FAST_MATH = YES;
				SDKROOT = iphoneos;
				SWIFT_COMPILATION_MODE = wholemodule;
				SWIFT_OPTIMIZATION_LEVEL = "-O";
				VALIDATE_PRODUCT = YES;
			};
			name = Release;
		};
		1B01DE6924CE725B00CE7519 /* Debug */ = {
			isa = XCBuildConfiguration;
			buildSettings = {
				ASSETCATALOG_COMPILER_APPICON_NAME = AppIcon;
				ASSETCATALOG_COMPILER_GLOBAL_ACCENT_COLOR_NAME = AccentColor;
				CODE_SIGN_STYLE = Automatic;
				DEVELOPMENT_ASSET_PATHS = "\"Memorize/Preview Content\"";
				DEVELOPMENT_TEAM = F8US5Q875U;
				ENABLE_PREVIEWS = YES;
				INFOPLIST_FILE = Memorize/Info.plist;
				IPHONEOS_DEPLOYMENT_TARGET = 14.0;
				LD_RUNPATH_SEARCH_PATHS = (
					"$(inherited)",
					"@executable_path/Frameworks",
				);
				PRODUCT_BUNDLE_IDENTIFIER = edu.stanford.cs193p.thejohnlima.Memorize;
				PRODUCT_NAME = "$(TARGET_NAME)";
				SWIFT_VERSION = 5.0;
				TARGETED_DEVICE_FAMILY = "1,2";
			};
			name = Debug;
		};
		1B01DE6A24CE725B00CE7519 /* Release */ = {
			isa = XCBuildConfiguration;
			buildSettings = {
				ASSETCATALOG_COMPILER_APPICON_NAME = AppIcon;
				ASSETCATALOG_COMPILER_GLOBAL_ACCENT_COLOR_NAME = AccentColor;
				CODE_SIGN_STYLE = Automatic;
				DEVELOPMENT_ASSET_PATHS = "\"Memorize/Preview Content\"";
				DEVELOPMENT_TEAM = F8US5Q875U;
				ENABLE_PREVIEWS = YES;
				INFOPLIST_FILE = Memorize/Info.plist;
				IPHONEOS_DEPLOYMENT_TARGET = 14.0;
				LD_RUNPATH_SEARCH_PATHS = (
					"$(inherited)",
					"@executable_path/Frameworks",
				);
				PRODUCT_BUNDLE_IDENTIFIER = edu.stanford.cs193p.thejohnlima.Memorize;
				PRODUCT_NAME = "$(TARGET_NAME)";
				SWIFT_VERSION = 5.0;
				TARGETED_DEVICE_FAMILY = "1,2";
			};
			name = Release;
		};
/* End XCBuildConfiguration section */

/* Begin XCConfigurationList section */
		1B01DE5424CE725600CE7519 /* Build configuration list for PBXProject "Memorize" */ = {
			isa = XCConfigurationList;
			buildConfigurations = (
				1B01DE6624CE725B00CE7519 /* Debug */,
				1B01DE6724CE725B00CE7519 /* Release */,
			);
			defaultConfigurationIsVisible = 0;
			defaultConfigurationName = Release;
		};
		1B01DE6824CE725B00CE7519 /* Build configuration list for PBXNativeTarget "Memorize" */ = {
			isa = XCConfigurationList;
			buildConfigurations = (
				1B01DE6924CE725B00CE7519 /* Debug */,
				1B01DE6A24CE725B00CE7519 /* Release */,
			);
			defaultConfigurationIsVisible = 0;
			defaultConfigurationName = Release;
		};
/* End XCConfigurationList section */
	};
	rootObject = 1B01DE5124CE725600CE7519 /* Project object */;
}
